
Microsoft Visual Studio Solution File, Format Version 12.00
# Visual Studio Version 17
VisualStudioVersion = 17.3.32804.467
MinimumVisualStudioVersion = 10.0.40219.1
Project("{FAE04EC0-301F-11D3-BF4B-00C04F79EFBC}") = "sep-2 assignments", "sep-2 assignments\sep-2 assignments.csproj", "{C5B5B673-FEFE-4FAB-B175-342AC90DC46F}"
	ProjectSection(ProjectDependencies) = postProject
		{4E5CB0F2-1F6B-476D-A45F-49ABAC3E2F68} = {4E5CB0F2-1F6B-476D-A45F-49ABAC3E2F68}
	EndProjectSection
EndProject
Project("{FAE04EC0-301F-11D3-BF4B-00C04F79EFBC}") = "ClassLibrary1", "ClassLibrary1\ClassLibrary1.csproj", "{4E5CB0F2-1F6B-476D-A45F-49ABAC3E2F68}"
EndProject
Global
	GlobalSection(SolutionConfigurationPlatforms) = preSolution
		Debug|Any CPU = Debug|Any CPU
		Release|Any CPU = Release|Any CPU
	EndGlobalSection
	GlobalSection(ProjectConfigurationPlatforms) = postSolution
		{C5B5B673-FEFE-4FAB-B175-342AC90DC46F}.Debug|Any CPU.ActiveCfg = Debug|Any CPU
		{C5B5B673-FEFE-4FAB-B175-342AC90DC46F}.Debug|Any CPU.Build.0 = Debug|Any CPU
		{C5B5B673-FEFE-4FAB-B175-342AC90DC46F}.Release|Any CPU.ActiveCfg = Release|Any CPU
		{C5B5B673-FEFE-4FAB-B175-342AC90DC46F}.Release|Any CPU.Build.0 = Release|Any CPU
		{4E5CB0F2-1F6B-476D-A45F-49ABAC3E2F68}.Debug|Any CPU.ActiveCfg = Debug|Any CPU
		{4E5CB0F2-1F6B-476D-A45F-49ABAC3E2F68}.Debug|Any CPU.Build.0 = Debug|Any CPU
		{4E5CB0F2-1F6B-476D-A45F-49ABAC3E2F68}.Release|Any CPU.ActiveCfg = Release|Any CPU
		{4E5CB0F2-1F6B-476D-A45F-49ABAC3E2F68}.Release|Any CPU.Build.0 = Release|Any CPU
	EndGlobalSection
	GlobalSection(SolutionProperties) = preSolution
		HideSolutionNode = FALSE
	EndGlobalSection
	GlobalSection(ExtensibilityGlobals) = postSolution
		SolutionGuid = {E550B8E6-E4B2-42E9-AE45-14B7E0348CD3}
	EndGlobalSection
EndGlobal
